
Microsoft Visual Studio Solution File, Format Version 12.00
# Visual Studio Version 16
VisualStudioVersion = 16.0.31105.61
MinimumVisualStudioVersion = 10.0.40219.1
Project("{FAE04EC0-301F-11D3-BF4B-00C04F79EFBC}") = "Calculator_TEST", "Calculator_TEST\Calculator_TEST.csproj", "{A948AF00-39B4-4959-B9AA-CCFBF1CA9CC2}"
EndProject
Global
	GlobalSection(SolutionConfigurationPlatforms) = preSolution
		Debug|Any CPU = Debug|Any CPU
		Release|Any CPU = Release|Any CPU
	EndGlobalSection
	GlobalSection(ProjectConfigurationPlatforms) = postSolution
		{A948AF00-39B4-4959-B9AA-CCFBF1CA9CC2}.Debug|Any CPU.ActiveCfg = Debug|Any CPU
		{A948AF00-39B4-4959-B9AA-CCFBF1CA9CC2}.Debug|Any CPU.Build.0 = Debug|Any CPU
		{A948AF00-39B4-4959-B9AA-CCFBF1CA9CC2}.Release|Any CPU.ActiveCfg = Release|Any CPU
		{A948AF00-39B4-4959-B9AA-CCFBF1CA9CC2}.Release|Any CPU.Build.0 = Release|Any CPU
	EndGlobalSection
	GlobalSection(SolutionProperties) = preSolution
		HideSolutionNode = FALSE
	EndGlobalSection
	GlobalSection(ExtensibilityGlobals) = postSolution
		SolutionGuid = {D59628DF-E3F1-4C68-8CC3-0DD8252B51E7}
	EndGlobalSection
EndGlobal
